
Microsoft Visual Studio Solution File, Format Version 12.00
# Visual Studio Version 17
VisualStudioVersion = 17.4.33205.214
MinimumVisualStudioVersion = 10.0.40219.1
Project("{FAE04EC0-301F-11D3-BF4B-00C04F79EFBC}") = "SimplifiedSlotMachine", "SimplifiedSlotMachine\SimplifiedSlotMachine.csproj", "{B369F538-A20C-4B60-A369-C7B051B5B89B}"
EndProject
Project("{FAE04EC0-301F-11D3-BF4B-00C04F79EFBC}") = "SimplifiedSlotMachine.Core", "SimplifiedSlotMachine.Core\SimplifiedSlotMachine.Core.csproj", "{157CF14F-4939-4801-B3A7-1E5E7B4FD1EC}"
EndProject
Global
	GlobalSection(SolutionConfigurationPlatforms) = preSolution
		Debug|Any CPU = Debug|Any CPU
		Release|Any CPU = Release|Any CPU
	EndGlobalSection
	GlobalSection(ProjectConfigurationPlatforms) = postSolution
		{B369F538-A20C-4B60-A369-C7B051B5B89B}.Debug|Any CPU.ActiveCfg = Debug|Any CPU
		{B369F538-A20C-4B60-A369-C7B051B5B89B}.Debug|Any CPU.Build.0 = Debug|Any CPU
		{B369F538-A20C-4B60-A369-C7B051B5B89B}.Release|Any CPU.ActiveCfg = Release|Any CPU
		{B369F538-A20C-4B60-A369-C7B051B5B89B}.Release|Any CPU.Build.0 = Release|Any CPU
		{157CF14F-4939-4801-B3A7-1E5E7B4FD1EC}.Debug|Any CPU.ActiveCfg = Debug|Any CPU
		{157CF14F-4939-4801-B3A7-1E5E7B4FD1EC}.Debug|Any CPU.Build.0 = Debug|Any CPU
		{157CF14F-4939-4801-B3A7-1E5E7B4FD1EC}.Release|Any CPU.ActiveCfg = Release|Any CPU
		{157CF14F-4939-4801-B3A7-1E5E7B4FD1EC}.Release|Any CPU.Build.0 = Release|Any CPU
	EndGlobalSection
	GlobalSection(SolutionProperties) = preSolution
		HideSolutionNode = FALSE
	EndGlobalSection
	GlobalSection(ExtensibilityGlobals) = postSolution
		SolutionGuid = {A18C7485-038B-42AB-82D4-9E818B39226A}
	EndGlobalSection
EndGlobal
